
Microsoft Visual Studio Solution File, Format Version 12.00
# Visual Studio Version 16
VisualStudioVersion = 16.0.30128.74
MinimumVisualStudioVersion = 10.0.40219.1
Project("{FAE04EC0-301F-11D3-BF4B-00C04F79EFBC}") = "IdentityAuthAPI", "IdentityAuthAPI\IdentityAuthAPI.csproj", "{02165433-9E09-415A-AC22-35E18B6054F3}"
EndProject
Global
	GlobalSection(SolutionConfigurationPlatforms) = preSolution
		Debug|Any CPU = Debug|Any CPU
		Release|Any CPU = Release|Any CPU
	EndGlobalSection
	GlobalSection(ProjectConfigurationPlatforms) = postSolution
		{02165433-9E09-415A-AC22-35E18B6054F3}.Debug|Any CPU.ActiveCfg = Debug|Any CPU
		{02165433-9E09-415A-AC22-35E18B6054F3}.Debug|Any CPU.Build.0 = Debug|Any CPU
		{02165433-9E09-415A-AC22-35E18B6054F3}.Release|Any CPU.ActiveCfg = Release|Any CPU
		{02165433-9E09-415A-AC22-35E18B6054F3}.Release|Any CPU.Build.0 = Release|Any CPU
	EndGlobalSection
	GlobalSection(SolutionProperties) = preSolution
		HideSolutionNode = FALSE
	EndGlobalSection
	GlobalSection(ExtensibilityGlobals) = postSolution
		SolutionGuid = {7F6CAD3F-CA74-42AD-AFCF-B65E31373D25}
	EndGlobalSection
EndGlobal
